PODS:
  - Flutter (1.0.0)
  - flutter_nsd (0.0.1):
    - Flutter

DEPENDENCIES:
  - Flutter (from `Flutter`)
  - flutter_nsd (from `.symlinks/plugins/flutter_nsd/ios`)

EXTERNAL SOURCES:
  Flutter:
    :path: Flutter
  flutter_nsd:
    :path: ".symlinks/plugins/flutter_nsd/ios"

SPEC CHECKSUMS:
  Flutter: 0e3d915762c693b495b44d77113d4970485de6ec
  flutter_nsd: e945908005778ba9e7466b7d4dc9ea1c758022d4

PODFILE CHECKSUM: aafe91acc616949ddb318b77800a7f51bffa2a4c

COCOAPODS: 1.9.3
