PODS:
  - flutter_nsd (0.0.1):
    - FlutterMacOS
  - FlutterMacOS (1.0.0)

DEPENDENCIES:
  - flutter_nsd (from `Flutter/ephemeral/.symlinks/plugins/flutter_nsd/macos`)
  - FlutterMacOS (from `Flutter/ephemeral`)

EXTERNAL SOURCES:
  flutter_nsd:
    :path: Flutter/ephemeral/.symlinks/plugins/flutter_nsd/macos
  FlutterMacOS:
    :path: Flutter/ephemeral

SPEC CHECKSUMS:
  flutter_nsd: 74ca85e30ed7290353c947d044a092abe7c79273
  FlutterMacOS: 8f6f14fa908a6fb3fba0cd85dbd81ec4b251fb24

PODFILE CHECKSUM: 353c8bcc5d5b0994e508d035b5431cfe18c1dea7

COCOAPODS: 1.16.2
